// !$*UTF8*$!
{
	archiveVersion = 1;
	classes = {
	};
	objectVersion = 50;
	objects = {

/* Begin PBXBuildFile section */
		BC75E50D2345213600ADC393 /* AppDelegate.swift in Sources */ = {isa = PBXBuildFile; fileRef = BC75E50C2345213600ADC393 /* AppDelegate.swift */; };
		BC75E50F2345213600ADC393 /* ViewController.swift in Sources */ = {isa = PBXBuildFile; fileRef = BC75E50E2345213600ADC393 /* ViewController.swift */; };
		BC75E5122345213600ADC393 /* Main.storyboard in Resources */ = {isa = PBXBuildFile; fileRef = BC75E5102345213600ADC393 /* Main.storyboard */; };
		BC75E5142345213700ADC393 /* Assets.xcassets in Resources */ = {isa = PBXBuildFile; fileRef = BC75E5132345213700ADC393 /* Assets.xcassets */; };
		BC75E5172345213700ADC393 /* LaunchScreen.storyboard in Resources */ = {isa = PBXBuildFile; fileRef = BC75E5152345213700ADC393 /* LaunchScreen.storyboard */; };
		BC75E51F234521AC00ADC393 /* VideoViewPlayer.swift in Sources */ = {isa = PBXBuildFile; fileRef = BC75E51E234521AC00ADC393 /* VideoViewPlayer.swift */; };
		BC75E52123452AFB00ADC393 /* demo.mov in Resources */ = {isa = PBXBuildFile; fileRef = BC75E52023452AFB00ADC393 /* demo.mov */; };
/* End PBXBuildFile section */

/* Begin PBXFileReference section */
		BC75E5092345213600ADC393 /* VideoViewPlayer.app */ = {isa = PBXFileReference; explicitFileType = wrapper.application; includeInIndex = 0; path = VideoViewPlayer.app; sourceTree = BUILT_PRODUCTS_DIR; };
		BC75E50C2345213600ADC393 /* AppDelegate.swift */ = {isa = PBXFileReference; lastKnownFileType = sourcecode.swift; path = AppDelegate.swift; sourceTree = "<group>"; };
		BC75E50E2345213600ADC393 /* ViewController.swift */ = {isa = PBXFileReference; lastKnownFileType = sourcecode.swift; path = ViewController.swift; sourceTree = "<group>"; };
		BC75E5112345213600ADC393 /* Base */ = {isa = PBXFileReference; lastKnownFileType = file.storyboard; name = Base; path = Base.lproj/Main.storyboard; sourceTree = "<group>"; };
		BC75E5132345213700ADC393 /* Assets.xcassets */ = {isa = PBXFileReference; lastKnownFileType = folder.assetcatalog; path = Assets.xcassets; sourceTree = "<group>"; };
		BC75E5162345213700ADC393 /* Base */ = {isa = PBXFileReference; lastKnownFileType = file.storyboard; name = Base; path = Base.lproj/LaunchScreen.storyboard; sourceTree = "<group>"; };
		BC75E5182345213700ADC393 /* Info.plist */ = {isa = PBXFileReference; lastKnownFileType = text.plist.xml; path = Info.plist; sourceTree = "<group>"; };
		BC75E51E234521AC00ADC393 /* VideoViewPlayer.swift */ = {isa = PBXFileReference; lastKnownFileType = sourcecode.swift; path = VideoViewPlayer.swift; sourceTree = "<group>"; };
		BC75E52023452AFB00ADC393 /* demo.mov */ = {isa = PBXFileReference; lastKnownFileType = video.quicktime; path = demo.mov; sourceTree = "<group>"; };
/* End PBXFileReference section */

/* Begin PBXFrameworksBuildPhase section */
		BC75E5062345213600ADC393 /* Frameworks */ = {
			isa = PBXFrameworksBuildPhase;
			buildActionMask = 2147483647;
			files = (
			);
			runOnlyForDeploymentPostprocessing = 0;
		};
/* End PBXFrameworksBuildPhase section */

/* Begin PBXGroup section */
		BC75E5002345213600ADC393 = {
			isa = PBXGroup;
			children = (
				BC75E50B2345213600ADC393 /* VideoViewPlayer */,
				BC75E50A2345213600ADC393 /* Products */,
			);
			sourceTree = "<group>";
		};
		BC75E50A2345213600ADC393 /* Products */ = {
			isa = PBXGroup;
			children = (
				BC75E5092345213600ADC393 /* VideoViewPlayer.app */,
			);
			name = Products;
			sourceTree = "<group>";
		};
		BC75E50B2345213600ADC393 /* VideoViewPlayer */ = {
			isa = PBXGroup;
			children = (
				BC75E52023452AFB00ADC393 /* demo.mov */,
				BC75E50C2345213600ADC393 /* AppDelegate.swift */,
				BC75E50E2345213600ADC393 /* ViewController.swift */,
				BC75E5102345213600ADC393 /* Main.storyboard */,
				BC75E5132345213700ADC393 /* Assets.xcassets */,
				BC75E5152345213700ADC393 /* LaunchScreen.storyboard */,
				BC75E5182345213700ADC393 /* Info.plist */,
				BC75E51E234521AC00ADC393 /* VideoViewPlayer.swift */,
			);
			path = VideoViewPlayer;
			sourceTree = "<group>";
		};
/* End PBXGroup section */

/* Begin PBXNativeTarget section */
		BC75E5082345213600ADC393 /* VideoViewPlayer */ = {
			isa = PBXNativeTarget;
			buildConfigurationList = BC75E51B2345213700ADC393 /* Build configuration list for PBXNativeTarget "VideoViewPlayer" */;
			buildPhases = (
				BC75E5052345213600ADC393 /* Sources */,
				BC75E5062345213600ADC393 /* Frameworks */,
				BC75E5072345213600ADC393 /* Resources */,
			);
			buildRules = (
			);
			dependencies = (
			);
			name = VideoViewPlayer;
			productName = VideoViewPlayer;
			productReference = BC75E5092345213600ADC393 /* VideoViewPlayer.app */;
			productType = "com.apple.product-type.application";
		};
/* End PBXNativeTarget section */

/* Begin PBXProject section */
		BC75E5012345213600ADC393 /* Project object */ = {
			isa = PBXProject;
			attributes = {
				LastSwiftUpdateCheck = 1030;
				LastUpgradeCheck = 1030;
				ORGANIZATIONNAME = talha;
				TargetAttributes = {
					BC75E5082345213600ADC393 = {
						CreatedOnToolsVersion = 10.3;
					};
				};
			};
			buildConfigurationList = BC75E5042345213600ADC393 /* Build configuration list for PBXProject "VideoViewPlayer" */;
			compatibilityVersion = "Xcode 9.3";
			developmentRegion = en;
			hasScannedForEncodings = 0;
			knownRegions = (
				en,
				Base,
			);
			mainGroup = BC75E5002345213600ADC393;
			productRefGroup = BC75E50A2345213600ADC393 /* Products */;
			projectDirPath = "";
			projectRoot = "";
			targets = (
				BC75E5082345213600ADC393 /* VideoViewPlayer */,
			);
		};
/* End PBXProject section */

/* Begin PBXResourcesBuildPhase section */
		BC75E5072345213600ADC393 /* Resources */ = {
			isa = PBXResourcesBuildPhase;
			buildActionMask = 2147483647;
			files = (
				BC75E5172345213700ADC393 /* LaunchScreen.storyboard in Resources */,
				BC75E52123452AFB00ADC393 /* demo.mov in Resources */,
				BC75E5142345213700ADC393 /* Assets.xcassets in Resources */,
				BC75E5122345213600ADC393 /* Main.storyboard in Resources */,
			);
			runOnlyForDeploymentPostprocessing = 0;
		};
/* End PBXResourcesBuildPhase section */

/* Begin PBXSourcesBuildPhase section */
		BC75E5052345213600ADC393 /* Sources */ = {
			isa = PBXSourcesBuildPhase;
			buildActionMask = 2147483647;
			files = (
				BC75E50F2345213600ADC393 /* ViewController.swift in Sources */,
				BC75E51F234521AC00ADC393 /* VideoViewPlayer.swift in Sources */,
				BC75E50D2345213600ADC393 /* AppDelegate.swift in Sources */,
			);
			runOnlyForDeploymentPostprocessing = 0;
		};
/* End PBXSourcesBuildPhase section */

/* Begin PBXVariantGroup section */
		BC75E5102345213600ADC393 /* Main.storyboard */ = {
			isa = PBXVariantGroup;
			children = (
				BC75E5112345213600ADC393 /* Base */,
			);
			name = Main.storyboard;
			sourceTree = "<group>";
		};
		BC75E5152345213700ADC393 /* LaunchScreen.storyboard */ = {
			isa = PBXVariantGroup;
			children = (
				BC75E5162345213700ADC393 /* Base */,
			);
			name = LaunchScreen.storyboard;
			sourceTree = "<group>";
		};
/* End PBXVariantGroup section */

/* Begin XCBuildConfiguration section */
		BC75E5192345213700ADC393 /* Debug */ = {
			isa = XCBuildConfiguration;
			buildSettings = {
				ALWAYS_SEARCH_USER_PATHS = NO;
				CLANG_ANALYZER_NONNULL = YES;
				CLANG_ANALYZER_NUMBER_OBJECT_CONVERSION = YES_AGGRESSIVE;
				CLANG_CXX_LANGUAGE_STANDARD = "gnu++14";
				CLANG_CXX_LIBRARY = "libc++";
				CLANG_ENABLE_MODULES = YES;
				CLANG_ENABLE_OBJC_ARC = YES;
				CLANG_ENABLE_OBJC_WEAK = YES;
				CLANG_WARN_BLOCK_CAPTURE_AUTORELEASING = YES;
				CLANG_WARN_BOOL_CONVERSION = YES;
				CLANG_WARN_COMMA = YES;
				CLANG_WARN_CONSTANT_CONVERSION = YES;
				CLANG_WARN_DEPRECATED_OBJC_IMPLEMENTATIONS = YES;
				CLANG_WARN_DIRECT_OBJC_ISA_USAGE = YES_ERROR;
				CLANG_WARN_DOCUMENTATION_COMMENTS = YES;
				CLANG_WARN_EMPTY_BODY = YES;
				CLANG_WARN_ENUM_CONVERSION = YES;
				CLANG_WARN_INFINITE_RECURSION = YES;
				CLANG_WARN_INT_CONVERSION = YES;
				CLANG_WARN_NON_LITERAL_NULL_CONVERSION = YES;
				CLANG_WARN_OBJC_IMPLICIT_RETAIN_SELF = YES;
				CLANG_WARN_OBJC_LITERAL_CONVERSION = YES;
				CLANG_WARN_OBJC_ROOT_CLASS = YES_ERROR;
				CLANG_WARN_RANGE_LOOP_ANALYSIS = YES;
				CLANG_WARN_STRICT_PROTOTYPES = YES;
				CLANG_WARN_SUSPICIOUS_MOVE = YES;
				CLANG_WARN_UNGUARDED_AVAILABILITY = YES_AGGRESSIVE;
				CLANG_WARN_UNREACHABLE_CODE = YES;
				CLANG_WARN__DUPLICATE_METHOD_MATCH = YES;
				CODE_SIGN_IDENTITY = "iPhone Developer";
				COPY_PHASE_STRIP = NO;
				DEBUG_INFORMATION_FORMAT = dwarf;
				ENABLE_STRICT_OBJC_MSGSEND = YES;
				ENABLE_TESTABILITY = YES;
				GCC_C_LANGUAGE_STANDARD = gnu11;
				GCC_DYNAMIC_NO_PIC = NO;
				GCC_NO_COMMON_BLOCKS = YES;
				GCC_OPTIMIZATION_LEVEL = 0;
				GCC_PREPROCESSOR_DEFINITIONS = (
					"DEBUG=1",
					"$(inherited)",
				);
				GCC_WARN_64_TO_32_BIT_CONVERSION = YES;
				GCC_WARN_ABOUT_RETURN_TYPE = YES_ERROR;
				GCC_WARN_UNDECLARED_SELECTOR = YES;
				GCC_WARN_UNINITIALIZED_AUTOS = YES_AGGRESSIVE;
				GCC_WARN_UNUSED_FUNCTION = YES;
				GCC_WARN_UNUSED_VARIABLE = YES;
				IPHONEOS_DEPLOYMENT_TARGET = 12.4;
				MTL_ENABLE_DEBUG_INFO = INCLUDE_SOURCE;
				MTL_FAST_MATH = YES;
				ONLY_ACTIVE_ARCH = YES;
				SDKROOT = iphoneos;
				SWIFT_ACTIVE_COMPILATION_CONDITIONS = DEBUG;
				SWIFT_OPTIMIZATION_LEVEL = "-Onone";
				SWIFT_VERSION = 5.0;
			};
			name = Debug;
		};
		BC75E51A2345213700ADC393 /* Release */ = {
			isa = XCBuildConfiguration;
			buildSettings = {
				ALWAYS_SEARCH_USER_PATHS = NO;
				CLANG_ANALYZER_NONNULL = YES;
				CLANG_ANALYZER_NUMBER_OBJECT_CONVERSION = YES_AGGRESSIVE;
				CLANG_CXX_LANGUAGE_STANDARD = "gnu++14";
				CLANG_CXX_LIBRARY = "libc++";
				CLANG_ENABLE_MODULES = YES;
				CLANG_ENABLE_OBJC_ARC = YES;
				CLANG_ENABLE_OBJC_WEAK = YES;
				CLANG_WARN_BLOCK_CAPTURE_AUTORELEASING = YES;
				CLANG_WARN_BOOL_CONVERSION = YES;
				CLANG_WARN_COMMA = YES;
				CLANG_WARN_CONSTANT_CONVERSION = YES;
				CLANG_WARN_DEPRECATED_OBJC_IMPLEMENTATIONS = YES;
				CLANG_WARN_DIRECT_OBJC_ISA_USAGE = YES_ERROR;
				CLANG_WARN_DOCUMENTATION_COMMENTS = YES;
				CLANG_WARN_EMPTY_BODY = YES;
				CLANG_WARN_ENUM_CONVERSION = YES;
				CLANG_WARN_INFINITE_RECURSION = YES;
				CLANG_WARN_INT_CONVERSION = YES;
				CLANG_WARN_NON_LITERAL_NULL_CONVERSION = YES;
				CLANG_WARN_OBJC_IMPLICIT_RETAIN_SELF = YES;
				CLANG_WARN_OBJC_LITERAL_CONVERSION = YES;
				CLANG_WARN_OBJC_ROOT_CLASS = YES_ERROR;
				CLANG_WARN_RANGE_LOOP_ANALYSIS = YES;
				CLANG_WARN_STRICT_PROTOTYPES = YES;
				CLANG_WARN_SUSPICIOUS_MOVE = YES;
				CLANG_WARN_UNGUARDED_AVAILABILITY = YES_AGGRESSIVE;
				CLANG_WARN_UNREACHABLE_CODE = YES;
				CLANG_WARN__DUPLICATE_METHOD_MATCH = YES;
				CODE_SIGN_IDENTITY = "iPhone Developer";
				COPY_PHASE_STRIP = NO;
				DEBUG_INFORMATION_FORMAT = "dwarf-with-dsym";
				ENABLE_NS_ASSERTIONS = NO;
				ENABLE_STRICT_OBJC_MSGSEND = YES;
				GCC_C_LANGUAGE_STANDARD = gnu11;
				GCC_NO_COMMON_BLOCKS = YES;
				GCC_WARN_64_TO_32_BIT_CONVERSION = YES;
				GCC_WARN_ABOUT_RETURN_TYPE = YES_ERROR;
				GCC_WARN_UNDECLARED_SELECTOR = YES;
				GCC_WARN_UNINITIALIZED_AUTOS = YES_AGGRESSIVE;
				GCC_WARN_UNUSED_FUNCTION = YES;
				GCC_WARN_UNUSED_VARIABLE = YES;
				IPHONEOS_DEPLOYMENT_TARGET = 12.4;
				MTL_ENABLE_DEBUG_INFO = NO;
				MTL_FAST_MATH = YES;
				SDKROOT = iphoneos;
				SWIFT_COMPILATION_MODE = wholemodule;
				SWIFT_OPTIMIZATION_LEVEL = "-O";
				SWIFT_VERSION = 5.0;
				VALIDATE_PRODUCT = YES;
			};
			name = Release;
		};
		BC75E51C2345213700ADC393 /* Debug */ = {
			isa = XCBuildConfiguration;
			buildSettings = {
				ASSETCATALOG_COMPILER_APPICON_NAME = AppIcon;
				CODE_SIGN_STYLE = Automatic;
				DEVELOPMENT_TEAM = L8649VR3R2;
				INFOPLIST_FILE = VideoViewPlayer/Info.plist;
				LD_RUNPATH_SEARCH_PATHS = (
					"$(inherited)",
					"@executable_path/Frameworks",
				);
				PRODUCT_BUNDLE_IDENTIFIER = com.talha.VideoViewPlayer;
				PRODUCT_NAME = "$(TARGET_NAME)";
				SWIFT_VERSION = 5.0;
				TARGETED_DEVICE_FAMILY = "1,2";
			};
			name = Debug;
		};
		BC75E51D2345213700ADC393 /* Release */ = {
			isa = XCBuildConfiguration;
			buildSettings = {
				ASSETCATALOG_COMPILER_APPICON_NAME = AppIcon;
				CODE_SIGN_STYLE = Automatic;
				DEVELOPMENT_TEAM = L8649VR3R2;
				INFOPLIST_FILE = VideoViewPlayer/Info.plist;
				LD_RUNPATH_SEARCH_PATHS = (
					"$(inherited)",
					"@executable_path/Frameworks",
				);
				PRODUCT_BUNDLE_IDENTIFIER = com.talha.VideoViewPlayer;
				PRODUCT_NAME = "$(TARGET_NAME)";
				SWIFT_VERSION = 5.0;
				TARGETED_DEVICE_FAMILY = "1,2";
			};
			name = Release;
		};
/* End XCBuildConfiguration section */

/* Begin XCConfigurationList section */
		BC75E5042345213600ADC393 /* Build configuration list for PBXProject "VideoViewPlayer" */ = {
			isa = XCConfigurationList;
			buildConfigurations = (
				BC75E5192345213700ADC393 /* Debug */,
				BC75E51A2345213700ADC393 /* Release */,
			);
			defaultConfigurationIsVisible = 0;
			defaultConfigurationName = Release;
		};
		BC75E51B2345213700ADC393 /* Build configuration list for PBXNativeTarget "VideoViewPlayer" */ = {
			isa = XCConfigurationList;
			buildConfigurations = (
				BC75E51C2345213700ADC393 /* Debug */,
				BC75E51D2345213700ADC393 /* Release */,
			);
			defaultConfigurationIsVisible = 0;
			defaultConfigurationName = Release;
		};
/* End XCConfigurationList section */
	};
	rootObject = BC75E5012345213600ADC393 /* Project object */;
}
